PODS:
  - JVFloatLabeledTextField (0.0.3)
  - ObjectiveRecord (1.4.0):
    - ObjectiveSugar
  - ObjectiveSugar (0.9)
  - RATreeView (0.1.5)

DEPENDENCIES:
  - JVFloatLabeledTextField
  - ObjectiveRecord
  - RATreeView

SPEC CHECKSUMS:
  JVFloatLabeledTextField: b1a2eb81a43dbe835e36ec7f4e7d9dbb721e5592
  ObjectiveRecord: 109a6c583284c2c9af1dc0d6ccc1dfc84e826c45
  ObjectiveSugar: 81337e36790b5a157ee6ccdcf65c91393ca5d900
  RATreeView: 623eb33fac519a6f13ec608fc2b477529a242ed9

COCOAPODS: 0.20.2
